<?xml version="1.0" encoding="UTF-8" standalone="yes" ?>
<CodeBlocks_project_file>
	<FileVersion major="1" minor="6" />
	<Project>
		<Option title="FelevesBeadando" />
		<Option pch_mode="2" />
		<Option compiler="gcc" />
		<Build>
			<Target title="Debug">
				<Option output="bin/Debug/FelevesBeadando" prefix_auto="1" extension_auto="1" />
				<Option object_output="obj/Debug/" />
				<Option type="1" />
				<Option compiler="gcc" />
				<Compiler>
					<Add option="-g" />
					<Add directory="../../../../../CodeBlocks/MinGW/include/obj" />
					<Add directory="../../SDL/include/SDL2" />
					<Add directory="../../SDL_image/include/SDL2" />
				</Compiler>
				<Linker>
					<Add option="-lmingw32 -lSDL2main -lSDL2 -lSDL2_image" />
					<Add library="opengl32" />
					<Add directory="../../../../../CodeBlocks/MinGW/include/obj" />
					<Add directory="../../SDL/lib" />
					<Add directory="../../SDL_image/lib" />
				</Linker>
			</Target>
			<Target title="Release">
				<Option output="bin/Release/FelevesBeadando" prefix_auto="1" extension_auto="1" />
				<Option object_output="obj/Release/" />
				<Option type="1" />
				<Option compiler="gcc" />
				<Compiler>
					<Add option="-O2" />
				</Compiler>
				<Linker>
					<Add option="-s" />
				</Linker>
			</Target>
		</Build>
		<Compiler>
			<Add option="-Wall" />
		</Compiler>
		<Unit filename="../../../../../CodeBlocks/MinGW/include/obj/draw.h" />
		<Unit filename="../../../../../CodeBlocks/MinGW/include/obj/info.h" />
		<Unit filename="../../../../../CodeBlocks/MinGW/include/obj/load.h" />
		<Unit filename="../../../../../CodeBlocks/MinGW/include/obj/model.h" />
		<Unit filename="../../../../../CodeBlocks/MinGW/include/obj/transform.h" />
		<Unit filename="camera.c">
			<Option compilerVar="CC" />
		</Unit>
		<Unit filename="camera.h" />
		<Unit filename="main.c">
			<Option compilerVar="CC" />
		</Unit>
		<Unit filename="model.h" />
		<Unit filename="program.c">
			<Option compilerVar="CC" />
		</Unit>
		<Unit filename="program.h" />
		<Unit filename="scene.c">
			<Option compilerVar="CC" />
		</Unit>
		<Unit filename="scene.h" />
		<Unit filename="texture.c">
			<Option compilerVar="CC" />
		</Unit>
		<Unit filename="texture.h" />
		<Unit filename="utilities.c">
			<Option compilerVar="CC" />
		</Unit>
		<Unit filename="utilities.h" />
		<Extensions>
			<lib_finder disable_auto="1" />
		</Extensions>
	</Project>
</CodeBlocks_project_file>
